// !$*UTF8*$!
{
	archiveVersion = 1;
	classes = {
	};
	objectVersion = 56;
	objects = {

/* Begin PBXBuildFile section */
		0E0B16462C2A984A00452B2B /* Date+.swift in Sources */ = {isa = PBXBuildFile; fileRef = 0E0B16452C2A984A00452B2B /* Date+.swift */; };
		0E0B164A2C2A98F700452B2B /* NextButton.swift in Sources */ = {isa = PBXBuildFile; fileRef = 0E0B16492C2A98F700452B2B /* NextButton.swift */; };
		0E0B164C2C2A9FFB00452B2B /* FifthInputTicketView.swift in Sources */ = {isa = PBXBuildFile; fileRef = 0E0B164B2C2A9FFB00452B2B /* FifthInputTicketView.swift */; };
		0E0B16552C2ABA4900452B2B /* InputTicketViewModel.swift in Sources */ = {isa = PBXBuildFile; fileRef = 0E0B16542C2ABA4900452B2B /* InputTicketViewModel.swift */; };
		0E0B16572C2ABD2900452B2B /* Team.swift in Sources */ = {isa = PBXBuildFile; fileRef = 0E0B16562C2ABD2900452B2B /* Team.swift */; };
		0E3028632C5A0D40008E038C /* TicketStroke.swift in Sources */ = {isa = PBXBuildFile; fileRef = 0E3028622C5A0D3F008E038C /* TicketStroke.swift */; };
		0E4AB2522BD124FB00ADB623 /* InputTicketView.swift in Sources */ = {isa = PBXBuildFile; fileRef = 0E4AB2512BD124FB00ADB623 /* InputTicketView.swift */; };
		0E4AB2542BD1250300ADB623 /* FirstInputTicketView.swift in Sources */ = {isa = PBXBuildFile; fileRef = 0E4AB2532BD1250300ADB623 /* FirstInputTicketView.swift */; };
		0E4AB2562BD1250E00ADB623 /* SecondInputTicketView.swift in Sources */ = {isa = PBXBuildFile; fileRef = 0E4AB2552BD1250E00ADB623 /* SecondInputTicketView.swift */; };
		0E4AB2582BD1251700ADB623 /* ThirdInputTicketView.swift in Sources */ = {isa = PBXBuildFile; fileRef = 0E4AB2572BD1251700ADB623 /* ThirdInputTicketView.swift */; };
		0E4AB25A2BD1251F00ADB623 /* FourthInputTicketView.swift in Sources */ = {isa = PBXBuildFile; fileRef = 0E4AB2592BD1251F00ADB623 /* FourthInputTicketView.swift */; };
		0E4AB25C2BD1252F00ADB623 /* CompleteTicketView.swift in Sources */ = {isa = PBXBuildFile; fileRef = 0E4AB25B2BD1252E00ADB623 /* CompleteTicketView.swift */; };
		0E4AB25E2BD12BE900ADB623 /* TicketView.swift in Sources */ = {isa = PBXBuildFile; fileRef = 0E4AB25D2BD12BE900ADB623 /* TicketView.swift */; };
		0E7EE5312B5F91F0004F6BAF /* BaseballApp.swift in Sources */ = {isa = PBXBuildFile; fileRef = 0E7EE5302B5F91F0004F6BAF /* BaseballApp.swift */; };
		0E7EE5352B5F91F2004F6BAF /* Assets.xcassets in Resources */ = {isa = PBXBuildFile; fileRef = 0E7EE5342B5F91F2004F6BAF /* Assets.xcassets */; };
		0E7EE5382B5F91F2004F6BAF /* Preview Assets.xcassets in Resources */ = {isa = PBXBuildFile; fileRef = 0E7EE5372B5F91F2004F6BAF /* Preview Assets.xcassets */; };
		0E7EE5542B5F93CF004F6BAF /* .swiftlint.yml in Resources */ = {isa = PBXBuildFile; fileRef = 0E7EE5532B5F93CF004F6BAF /* .swiftlint.yml */; };
		0E804A002C4625CE00582121 /* GradientProgressStyle.swift in Sources */ = {isa = PBXBuildFile; fileRef = 0E8049FF2C4625CE00582121 /* GradientProgressStyle.swift */; };
		0E804A052C46290000582121 /* SelectedCircle.swift in Sources */ = {isa = PBXBuildFile; fileRef = 0E804A042C46290000582121 /* SelectedCircle.swift */; };
		0E804A072C46557200582121 /* TicketViewModel.swift in Sources */ = {isa = PBXBuildFile; fileRef = 0E804A062C46557200582121 /* TicketViewModel.swift */; };
		0EDAC0502C60B56800B87437 /* RealmManager.swift in Sources */ = {isa = PBXBuildFile; fileRef = 0EDAC04F2C60B56800B87437 /* RealmManager.swift */; };
		0EDAC05E2C60B6FC00B87437 /* RealmSwift in Frameworks */ = {isa = PBXBuildFile; productRef = 0EDAC05D2C60B6FC00B87437 /* RealmSwift */; };
		0EDAC0602C60B74F00B87437 /* Ticket.swift in Sources */ = {isa = PBXBuildFile; fileRef = 0EDAC05F2C60B74F00B87437 /* Ticket.swift */; };
		5B626DAB2C38569C006D5578 /* HLine.swift in Sources */ = {isa = PBXBuildFile; fileRef = 5B626DAA2C38569C006D5578 /* HLine.swift */; };
		5B626DAD2C3856D9006D5578 /* TicketShape.swift in Sources */ = {isa = PBXBuildFile; fileRef = 5B626DAC2C3856D9006D5578 /* TicketShape.swift */; };
		5B626DAF2C385724006D5578 /* VisualEffectView.swift in Sources */ = {isa = PBXBuildFile; fileRef = 5B626DAE2C385724006D5578 /* VisualEffectView.swift */; };
		5BE4152B2B85DA61006EE79B /* MainView.swift in Sources */ = {isa = PBXBuildFile; fileRef = 5BE4152A2B85DA61006EE79B /* MainView.swift */; };
		5BE672782C5F65FE00D9F0E8 /* OnboardingView.swift in Sources */ = {isa = PBXBuildFile; fileRef = 5BE672772C5F65FE00D9F0E8 /* OnboardingView.swift */; };
		5BE6727A2C5F691400D9F0E8 /* OnboardingTag.swift in Sources */ = {isa = PBXBuildFile; fileRef = 5BE672792C5F691400D9F0E8 /* OnboardingTag.swift */; };
		5BE6727D2C5F76DF00D9F0E8 /* Pretendard-Bold.otf in Resources */ = {isa = PBXBuildFile; fileRef = 5BE6727C2C5F76DF00D9F0E8 /* Pretendard-Bold.otf */; };
		5BE672822C71D24600D9F0E8 /* OnboardingViewModel.swift in Sources */ = {isa = PBXBuildFile; fileRef = 5BE672812C71D24600D9F0E8 /* OnboardingViewModel.swift */; };
/* End PBXBuildFile section */

/* Begin PBXFileReference section */
		0E0B16452C2A984A00452B2B /* Date+.swift */ = {isa = PBXFileReference; lastKnownFileType = sourcecode.swift; path = "Date+.swift"; sourceTree = "<group>"; };
		0E0B16492C2A98F700452B2B /* NextButton.swift */ = {isa = PBXFileReference; lastKnownFileType = sourcecode.swift; path = NextButton.swift; sourceTree = "<group>"; };
		0E0B164B2C2A9FFB00452B2B /* FifthInputTicketView.swift */ = {isa = PBXFileReference; lastKnownFileType = sourcecode.swift; path = FifthInputTicketView.swift; sourceTree = "<group>"; };
		0E0B16542C2ABA4900452B2B /* InputTicketViewModel.swift */ = {isa = PBXFileReference; lastKnownFileType = sourcecode.swift; path = InputTicketViewModel.swift; sourceTree = "<group>"; };
		0E0B16562C2ABD2900452B2B /* Team.swift */ = {isa = PBXFileReference; lastKnownFileType = sourcecode.swift; path = Team.swift; sourceTree = "<group>"; };
		0E3028622C5A0D3F008E038C /* TicketStroke.swift */ = {isa = PBXFileReference; lastKnownFileType = sourcecode.swift; path = TicketStroke.swift; sourceTree = "<group>"; };
		0E4AB2512BD124FB00ADB623 /* InputTicketView.swift */ = {isa = PBXFileReference; lastKnownFileType = sourcecode.swift; path = InputTicketView.swift; sourceTree = "<group>"; };
		0E4AB2532BD1250300ADB623 /* FirstInputTicketView.swift */ = {isa = PBXFileReference; lastKnownFileType = sourcecode.swift; path = FirstInputTicketView.swift; sourceTree = "<group>"; };
		0E4AB2552BD1250E00ADB623 /* SecondInputTicketView.swift */ = {isa = PBXFileReference; lastKnownFileType = sourcecode.swift; path = SecondInputTicketView.swift; sourceTree = "<group>"; };
		0E4AB2572BD1251700ADB623 /* ThirdInputTicketView.swift */ = {isa = PBXFileReference; lastKnownFileType = sourcecode.swift; path = ThirdInputTicketView.swift; sourceTree = "<group>"; };
		0E4AB2592BD1251F00ADB623 /* FourthInputTicketView.swift */ = {isa = PBXFileReference; lastKnownFileType = sourcecode.swift; path = FourthInputTicketView.swift; sourceTree = "<group>"; };
		0E4AB25B2BD1252E00ADB623 /* CompleteTicketView.swift */ = {isa = PBXFileReference; lastKnownFileType = sourcecode.swift; path = CompleteTicketView.swift; sourceTree = "<group>"; };
		0E4AB25D2BD12BE900ADB623 /* TicketView.swift */ = {isa = PBXFileReference; lastKnownFileType = sourcecode.swift; path = TicketView.swift; sourceTree = "<group>"; };
		0E7EE52D2B5F91EF004F6BAF /* Baseball.app */ = {isa = PBXFileReference; explicitFileType = wrapper.application; includeInIndex = 0; path = Baseball.app; sourceTree = BUILT_PRODUCTS_DIR; };
		0E7EE5302B5F91F0004F6BAF /* BaseballApp.swift */ = {isa = PBXFileReference; lastKnownFileType = sourcecode.swift; path = BaseballApp.swift; sourceTree = "<group>"; };
		0E7EE5342B5F91F2004F6BAF /* Assets.xcassets */ = {isa = PBXFileReference; lastKnownFileType = folder.assetcatalog; path = Assets.xcassets; sourceTree = "<group>"; };
		0E7EE5372B5F91F2004F6BAF /* Preview Assets.xcassets */ = {isa = PBXFileReference; lastKnownFileType = folder.assetcatalog; path = "Preview Assets.xcassets"; sourceTree = "<group>"; };
		0E7EE5532B5F93CF004F6BAF /* .swiftlint.yml */ = {isa = PBXFileReference; lastKnownFileType = text.yaml; path = .swiftlint.yml; sourceTree = "<group>"; };
		0E8049FF2C4625CE00582121 /* GradientProgressStyle.swift */ = {isa = PBXFileReference; lastKnownFileType = sourcecode.swift; path = GradientProgressStyle.swift; sourceTree = "<group>"; };
		0E804A042C46290000582121 /* SelectedCircle.swift */ = {isa = PBXFileReference; lastKnownFileType = sourcecode.swift; path = SelectedCircle.swift; sourceTree = "<group>"; };
		0E804A062C46557200582121 /* TicketViewModel.swift */ = {isa = PBXFileReference; lastKnownFileType = sourcecode.swift; path = TicketViewModel.swift; sourceTree = "<group>"; };
		0EDAC04F2C60B56800B87437 /* RealmManager.swift */ = {isa = PBXFileReference; lastKnownFileType = sourcecode.swift; path = RealmManager.swift; sourceTree = "<group>"; };
		0EDAC05F2C60B74F00B87437 /* Ticket.swift */ = {isa = PBXFileReference; lastKnownFileType = sourcecode.swift; path = Ticket.swift; sourceTree = "<group>"; };
		5B626DAA2C38569C006D5578 /* HLine.swift */ = {isa = PBXFileReference; lastKnownFileType = sourcecode.swift; path = HLine.swift; sourceTree = "<group>"; };
		5B626DAC2C3856D9006D5578 /* TicketShape.swift */ = {isa = PBXFileReference; lastKnownFileType = sourcecode.swift; path = TicketShape.swift; sourceTree = "<group>"; };
		5B626DAE2C385724006D5578 /* VisualEffectView.swift */ = {isa = PBXFileReference; lastKnownFileType = sourcecode.swift; path = VisualEffectView.swift; sourceTree = "<group>"; };
		5BE4152A2B85DA61006EE79B /* MainView.swift */ = {isa = PBXFileReference; lastKnownFileType = sourcecode.swift; path = MainView.swift; sourceTree = "<group>"; };
		5BE672772C5F65FE00D9F0E8 /* OnboardingView.swift */ = {isa = PBXFileReference; lastKnownFileType = sourcecode.swift; path = OnboardingView.swift; sourceTree = "<group>"; };
		5BE672792C5F691400D9F0E8 /* OnboardingTag.swift */ = {isa = PBXFileReference; lastKnownFileType = sourcecode.swift; path = OnboardingTag.swift; sourceTree = "<group>"; };
		5BE6727C2C5F76DF00D9F0E8 /* Pretendard-Bold.otf */ = {isa = PBXFileReference; lastKnownFileType = file; path = "Pretendard-Bold.otf"; sourceTree = "<group>"; };
		5BE6727E2C5F774000D9F0E8 /* Info.plist */ = {isa = PBXFileReference; lastKnownFileType = text.plist; path = Info.plist; sourceTree = "<group>"; };
		5BE672812C71D24600D9F0E8 /* OnboardingViewModel.swift */ = {isa = PBXFileReference; lastKnownFileType = sourcecode.swift; path = OnboardingViewModel.swift; sourceTree = "<group>"; };
/* End PBXFileReference section */

/* Begin PBXFrameworksBuildPhase section */
		0E7EE52A2B5F91EF004F6BAF /* Frameworks */ = {
			isa = PBXFrameworksBuildPhase;
			buildActionMask = 2147483647;
			files = (
				0EDAC05E2C60B6FC00B87437 /* RealmSwift in Frameworks */,
			);
			runOnlyForDeploymentPostprocessing = 0;
		};
/* End PBXFrameworksBuildPhase section */

/* Begin PBXGroup section */
		0E4AB2502BD124DF00ADB623 /* Ticket */ = {
			isa = PBXGroup;
			children = (
				0E4AB25F2BD12BEF00ADB623 /* InputTicket */,
				0E4AB25D2BD12BE900ADB623 /* TicketView.swift */,
			);
			path = Ticket;
			sourceTree = "<group>";
		};
		0E4AB25F2BD12BEF00ADB623 /* InputTicket */ = {
			isa = PBXGroup;
			children = (
				0E4AB2512BD124FB00ADB623 /* InputTicketView.swift */,
				0E4AB2532BD1250300ADB623 /* FirstInputTicketView.swift */,
				0E4AB2552BD1250E00ADB623 /* SecondInputTicketView.swift */,
				0E4AB2572BD1251700ADB623 /* ThirdInputTicketView.swift */,
				0E4AB2592BD1251F00ADB623 /* FourthInputTicketView.swift */,
				0E0B164B2C2A9FFB00452B2B /* FifthInputTicketView.swift */,
				0E4AB25B2BD1252E00ADB623 /* CompleteTicketView.swift */,
			);
			path = InputTicket;
			sourceTree = "<group>";
		};
		0E7EE5242B5F91EF004F6BAF = {
			isa = PBXGroup;
			children = (
				0E7EE52F2B5F91EF004F6BAF /* Baseball */,
				0E7EE52E2B5F91EF004F6BAF /* Products */,
			);
			sourceTree = "<group>";
		};
		0E7EE52E2B5F91EF004F6BAF /* Products */ = {
			isa = PBXGroup;
			children = (
				0E7EE52D2B5F91EF004F6BAF /* Baseball.app */,
			);
			name = Products;
			sourceTree = "<group>";
		};
		0E7EE52F2B5F91EF004F6BAF /* Baseball */ = {
			isa = PBXGroup;
			children = (
				5BE6727E2C5F774000D9F0E8 /* Info.plist */,
				0E7EE5302B5F91F0004F6BAF /* BaseballApp.swift */,
				0E7EE53F2B5F9238004F6BAF /* Source */,
				0E7EE5402B5F9241004F6BAF /* Resource */,
				0E7EE5362B5F91F2004F6BAF /* Preview Content */,
				0E7EE5532B5F93CF004F6BAF /* .swiftlint.yml */,
			);
			path = Baseball;
			sourceTree = "<group>";
		};
		0E7EE5362B5F91F2004F6BAF /* Preview Content */ = {
			isa = PBXGroup;
			children = (
				0E7EE5372B5F91F2004F6BAF /* Preview Assets.xcassets */,
			);
			path = "Preview Content";
			sourceTree = "<group>";
		};
		0E7EE53E2B5F922D004F6BAF /* View */ = {
			isa = PBXGroup;
			children = (
				0E4AB2502BD124DF00ADB623 /* Ticket */,
				5BE4152A2B85DA61006EE79B /* MainView.swift */,
				5BE672772C5F65FE00D9F0E8 /* OnboardingView.swift */,
			);
			path = View;
			sourceTree = "<group>";
		};
		0E7EE53F2B5F9238004F6BAF /* Source */ = {
			isa = PBXGroup;
			children = (
				0E7EE53E2B5F922D004F6BAF /* View */,
				0E7EE5412B5F9259004F6BAF /* ViewModel */,
				0E7EE5422B5F9260004F6BAF /* Model */,
				0E7EE5432B5F9275004F6BAF /* Utils */,
			);
			path = Source;
			sourceTree = "<group>";
		};
		0E7EE5402B5F9241004F6BAF /* Resource */ = {
			isa = PBXGroup;
			children = (
				5BE6727B2C5F76A700D9F0E8 /* fonts */,
				0E7EE5342B5F91F2004F6BAF /* Assets.xcassets */,
			);
			path = Resource;
			sourceTree = "<group>";
		};
		0E7EE5412B5F9259004F6BAF /* ViewModel */ = {
			isa = PBXGroup;
			children = (
				0E0B16542C2ABA4900452B2B /* InputTicketViewModel.swift */,
				5BE672812C71D24600D9F0E8 /* OnboardingViewModel.swift */,
				0E804A062C46557200582121 /* TicketViewModel.swift */,
			);
			path = ViewModel;
			sourceTree = "<group>";
		};
		0E7EE5422B5F9260004F6BAF /* Model */ = {
			isa = PBXGroup;
			children = (
				0E0B16562C2ABD2900452B2B /* Team.swift */,
				0EDAC05F2C60B74F00B87437 /* Ticket.swift */,
			);
			path = Model;
			sourceTree = "<group>";
		};
		0E7EE5432B5F9275004F6BAF /* Utils */ = {
			isa = PBXGroup;
			children = (
				0EDAC04E2C60B55300B87437 /* Manager */,
				0E804A012C4628DC00582121 /* ViewModifier */,
				0E7EE5452B5F92B8004F6BAF /* Component */,
				0E7EE5442B5F9284004F6BAF /* Extension */,
			);
			path = Utils;
			sourceTree = "<group>";
		};
		0E7EE5442B5F9284004F6BAF /* Extension */ = {
			isa = PBXGroup;
			children = (
				0E0B16452C2A984A00452B2B /* Date+.swift */,
			);
			path = Extension;
			sourceTree = "<group>";
		};
		0E7EE5452B5F92B8004F6BAF /* Component */ = {
			isa = PBXGroup;
			children = (
				0E0B16492C2A98F700452B2B /* NextButton.swift */,
				5B626DAA2C38569C006D5578 /* HLine.swift */,
				5B626DAC2C3856D9006D5578 /* TicketShape.swift */,
				5B626DAE2C385724006D5578 /* VisualEffectView.swift */,
				0E8049FF2C4625CE00582121 /* GradientProgressStyle.swift */,
				5BE672792C5F691400D9F0E8 /* OnboardingTag.swift */,
			);
			path = Component;
			sourceTree = "<group>";
		};
		0E804A012C4628DC00582121 /* ViewModifier */ = {
			isa = PBXGroup;
			children = (
				0E804A042C46290000582121 /* SelectedCircle.swift */,
				0E3028622C5A0D3F008E038C /* TicketStroke.swift */,
			);
			path = ViewModifier;
			sourceTree = "<group>";
		};
		0EDAC04E2C60B55300B87437 /* Manager */ = {
			isa = PBXGroup;
			children = (
				0EDAC04F2C60B56800B87437 /* RealmManager.swift */,
			);
			path = Manager;
            sourceTree = "<group>";
        };
		5BE6727B2C5F76A700D9F0E8 /* fonts */ = {
			isa = PBXGroup;
			children = (
				5BE6727C2C5F76DF00D9F0E8 /* Pretendard-Bold.otf */,
			);
			path = fonts;
			sourceTree = "<group>";
		};
/* End PBXGroup section */

/* Begin PBXNativeTarget section */
		0E7EE52C2B5F91EF004F6BAF /* Baseball */ = {
			isa = PBXNativeTarget;
			buildConfigurationList = 0E7EE53B2B5F91F2004F6BAF /* Build configuration list for PBXNativeTarget "Baseball" */;
			buildPhases = (
				0E7EE54E2B5F9337004F6BAF /* SwiftLint Script */,
				0E7EE5292B5F91EF004F6BAF /* Sources */,
				0E7EE52A2B5F91EF004F6BAF /* Frameworks */,
				0E7EE52B2B5F91EF004F6BAF /* Resources */,
			);
			buildRules = (
			);
			dependencies = (
			);
			name = Baseball;
			packageProductDependencies = (
				0EDAC05D2C60B6FC00B87437 /* RealmSwift */,
			);
			productName = Baseball;
			productReference = 0E7EE52D2B5F91EF004F6BAF /* Baseball.app */;
			productType = "com.apple.product-type.application";
		};
/* End PBXNativeTarget section */

/* Begin PBXProject section */
		0E7EE5252B5F91EF004F6BAF /* Project object */ = {
			isa = PBXProject;
			attributes = {
				BuildIndependentTargetsInParallel = 1;
				LastSwiftUpdateCheck = 1520;
				LastUpgradeCheck = 1520;
				TargetAttributes = {
					0E7EE52C2B5F91EF004F6BAF = {
						CreatedOnToolsVersion = 15.2;
					};
				};
			};
			buildConfigurationList = 0E7EE5282B5F91EF004F6BAF /* Build configuration list for PBXProject "Baseball" */;
			compatibilityVersion = "Xcode 14.0";
			developmentRegion = en;
			hasScannedForEncodings = 0;
			knownRegions = (
				en,
				Base,
			);
			mainGroup = 0E7EE5242B5F91EF004F6BAF;
			packageReferences = (
				0EDAC05C2C60B6FC00B87437 /* XCRemoteSwiftPackageReference "realm-swift" */,
			);
			productRefGroup = 0E7EE52E2B5F91EF004F6BAF /* Products */;
			projectDirPath = "";
			projectRoot = "";
			targets = (
				0E7EE52C2B5F91EF004F6BAF /* Baseball */,
			);
		};
/* End PBXProject section */

/* Begin PBXResourcesBuildPhase section */
		0E7EE52B2B5F91EF004F6BAF /* Resources */ = {
			isa = PBXResourcesBuildPhase;
			buildActionMask = 2147483647;
			files = (
				0E7EE5542B5F93CF004F6BAF /* .swiftlint.yml in Resources */,
				5BE6727D2C5F76DF00D9F0E8 /* Pretendard-Bold.otf in Resources */,
				0E7EE5382B5F91F2004F6BAF /* Preview Assets.xcassets in Resources */,
				0E7EE5352B5F91F2004F6BAF /* Assets.xcassets in Resources */,
			);
			runOnlyForDeploymentPostprocessing = 0;
		};
/* End PBXResourcesBuildPhase section */

/* Begin PBXShellScriptBuildPhase section */
		0E7EE54E2B5F9337004F6BAF /* SwiftLint Script */ = {
			isa = PBXShellScriptBuildPhase;
			buildActionMask = 2147483647;
			files = (
			);
			inputFileListPaths = (
			);
			inputPaths = (
			);
			name = "SwiftLint Script";
			outputFileListPaths = (
			);
			outputPaths = (
			);
			runOnlyForDeploymentPostprocessing = 0;
			shellPath = /bin/sh;
			shellScript = "export PATH=\"$PATH:/opt/homebrew/bin\"\nif which swiftlint > /dev/null; then\n  swiftlint\nelse\n  echo \"warning: SwiftLint not installed, download from https://github.com/realm/SwiftLint\"\nfi\n";
		};
/* End PBXShellScriptBuildPhase section */

/* Begin PBXSourcesBuildPhase section */
		0E7EE5292B5F91EF004F6BAF /* Sources */ = {
			isa = PBXSourcesBuildPhase;
			buildActionMask = 2147483647;
			files = (
				5BE672822C71D24600D9F0E8 /* OnboardingViewModel.swift in Sources */,
				0E0B164A2C2A98F700452B2B /* NextButton.swift in Sources */,
				5B626DAD2C3856D9006D5578 /* TicketShape.swift in Sources */,
				0E804A002C4625CE00582121 /* GradientProgressStyle.swift in Sources */,
				5BE4152B2B85DA61006EE79B /* MainView.swift in Sources */,
				5B626DAB2C38569C006D5578 /* HLine.swift in Sources */,
				5BE6727A2C5F691400D9F0E8 /* OnboardingTag.swift in Sources */,
				0E4AB25E2BD12BE900ADB623 /* TicketView.swift in Sources */,
				0E4AB2562BD1250E00ADB623 /* SecondInputTicketView.swift in Sources */,
				0E4AB25A2BD1251F00ADB623 /* FourthInputTicketView.swift in Sources */,
				0E3028632C5A0D40008E038C /* TicketStroke.swift in Sources */,
				0E804A052C46290000582121 /* SelectedCircle.swift in Sources */,
				0E4AB2522BD124FB00ADB623 /* InputTicketView.swift in Sources */,
				0E804A072C46557200582121 /* TicketViewModel.swift in Sources */,
				0E0B16552C2ABA4900452B2B /* InputTicketViewModel.swift in Sources */,
				0EDAC0502C60B56800B87437 /* RealmManager.swift in Sources */,
				0E4AB2582BD1251700ADB623 /* ThirdInputTicketView.swift in Sources */,
				0E0B16572C2ABD2900452B2B /* Team.swift in Sources */,
				0E0B16462C2A984A00452B2B /* Date+.swift in Sources */,
				0E4AB25C2BD1252F00ADB623 /* CompleteTicketView.swift in Sources */,
				0E4AB2542BD1250300ADB623 /* FirstInputTicketView.swift in Sources */,
				0E0B164C2C2A9FFB00452B2B /* FifthInputTicketView.swift in Sources */,
				0EDAC0602C60B74F00B87437 /* Ticket.swift in Sources */,
				5B626DAF2C385724006D5578 /* VisualEffectView.swift in Sources */,
				5BE672782C5F65FE00D9F0E8 /* OnboardingView.swift in Sources */,
				0E7EE5312B5F91F0004F6BAF /* BaseballApp.swift in Sources */,
			);
			runOnlyForDeploymentPostprocessing = 0;
		};
/* End PBXSourcesBuildPhase section */

/* Begin XCBuildConfiguration section */
		0E7EE5392B5F91F2004F6BAF /* Debug */ = {
			isa = XCBuildConfiguration;
			buildSettings = {
				ALWAYS_SEARCH_USER_PATHS = NO;
				ASSETCATALOG_COMPILER_GENERATE_SWIFT_ASSET_SYMBOL_EXTENSIONS = YES;
				CLANG_ANALYZER_NONNULL = YES;
				CLANG_ANALYZER_NUMBER_OBJECT_CONVERSION = YES_AGGRESSIVE;
				CLANG_CXX_LANGUAGE_STANDARD = "gnu++20";
				CLANG_ENABLE_MODULES = YES;
				CLANG_ENABLE_OBJC_ARC = YES;
				CLANG_ENABLE_OBJC_WEAK = YES;
				CLANG_WARN_BLOCK_CAPTURE_AUTORELEASING = YES;
				CLANG_WARN_BOOL_CONVERSION = YES;
				CLANG_WARN_COMMA = YES;
				CLANG_WARN_CONSTANT_CONVERSION = YES;
				CLANG_WARN_DEPRECATED_OBJC_IMPLEMENTATIONS = YES;
				CLANG_WARN_DIRECT_OBJC_ISA_USAGE = YES_ERROR;
				CLANG_WARN_DOCUMENTATION_COMMENTS = YES;
				CLANG_WARN_EMPTY_BODY = YES;
				CLANG_WARN_ENUM_CONVERSION = YES;
				CLANG_WARN_INFINITE_RECURSION = YES;
				CLANG_WARN_INT_CONVERSION = YES;
				CLANG_WARN_NON_LITERAL_NULL_CONVERSION = YES;
				CLANG_WARN_OBJC_IMPLICIT_RETAIN_SELF = YES;
				CLANG_WARN_OBJC_LITERAL_CONVERSION = YES;
				CLANG_WARN_OBJC_ROOT_CLASS = YES_ERROR;
				CLANG_WARN_QUOTED_INCLUDE_IN_FRAMEWORK_HEADER = YES;
				CLANG_WARN_RANGE_LOOP_ANALYSIS = YES;
				CLANG_WARN_STRICT_PROTOTYPES = YES;
				CLANG_WARN_SUSPICIOUS_MOVE = YES;
				CLANG_WARN_UNGUARDED_AVAILABILITY = YES_AGGRESSIVE;
				CLANG_WARN_UNREACHABLE_CODE = YES;
				CLANG_WARN__DUPLICATE_METHOD_MATCH = YES;
				COPY_PHASE_STRIP = NO;
				DEBUG_INFORMATION_FORMAT = dwarf;
				ENABLE_STRICT_OBJC_MSGSEND = YES;
				ENABLE_TESTABILITY = YES;
				ENABLE_USER_SCRIPT_SANDBOXING = NO;
				GCC_C_LANGUAGE_STANDARD = gnu17;
				GCC_DYNAMIC_NO_PIC = NO;
				GCC_NO_COMMON_BLOCKS = YES;
				GCC_OPTIMIZATION_LEVEL = 0;
				GCC_PREPROCESSOR_DEFINITIONS = (
					"DEBUG=1",
					"$(inherited)",
				);
				GCC_WARN_64_TO_32_BIT_CONVERSION = YES;
				GCC_WARN_ABOUT_RETURN_TYPE = YES_ERROR;
				GCC_WARN_UNDECLARED_SELECTOR = YES;
				GCC_WARN_UNINITIALIZED_AUTOS = YES_AGGRESSIVE;
				GCC_WARN_UNUSED_FUNCTION = YES;
				GCC_WARN_UNUSED_VARIABLE = YES;
				IPHONEOS_DEPLOYMENT_TARGET = 17.2;
				LOCALIZATION_PREFERS_STRING_CATALOGS = YES;
				MTL_ENABLE_DEBUG_INFO = INCLUDE_SOURCE;
				MTL_FAST_MATH = YES;
				ONLY_ACTIVE_ARCH = YES;
				SDKROOT = iphoneos;
				SWIFT_ACTIVE_COMPILATION_CONDITIONS = "DEBUG $(inherited)";
				SWIFT_OPTIMIZATION_LEVEL = "-Onone";
			};
			name = Debug;
		};
		0E7EE53A2B5F91F2004F6BAF /* Release */ = {
			isa = XCBuildConfiguration;
			buildSettings = {
				ALWAYS_SEARCH_USER_PATHS = NO;
				ASSETCATALOG_COMPILER_GENERATE_SWIFT_ASSET_SYMBOL_EXTENSIONS = YES;
				CLANG_ANALYZER_NONNULL = YES;
				CLANG_ANALYZER_NUMBER_OBJECT_CONVERSION = YES_AGGRESSIVE;
				CLANG_CXX_LANGUAGE_STANDARD = "gnu++20";
				CLANG_ENABLE_MODULES = YES;
				CLANG_ENABLE_OBJC_ARC = YES;
				CLANG_ENABLE_OBJC_WEAK = YES;
				CLANG_WARN_BLOCK_CAPTURE_AUTORELEASING = YES;
				CLANG_WARN_BOOL_CONVERSION = YES;
				CLANG_WARN_COMMA = YES;
				CLANG_WARN_CONSTANT_CONVERSION = YES;
				CLANG_WARN_DEPRECATED_OBJC_IMPLEMENTATIONS = YES;
				CLANG_WARN_DIRECT_OBJC_ISA_USAGE = YES_ERROR;
				CLANG_WARN_DOCUMENTATION_COMMENTS = YES;
				CLANG_WARN_EMPTY_BODY = YES;
				CLANG_WARN_ENUM_CONVERSION = YES;
				CLANG_WARN_INFINITE_RECURSION = YES;
				CLANG_WARN_INT_CONVERSION = YES;
				CLANG_WARN_NON_LITERAL_NULL_CONVERSION = YES;
				CLANG_WARN_OBJC_IMPLICIT_RETAIN_SELF = YES;
				CLANG_WARN_OBJC_LITERAL_CONVERSION = YES;
				CLANG_WARN_OBJC_ROOT_CLASS = YES_ERROR;
				CLANG_WARN_QUOTED_INCLUDE_IN_FRAMEWORK_HEADER = YES;
				CLANG_WARN_RANGE_LOOP_ANALYSIS = YES;
				CLANG_WARN_STRICT_PROTOTYPES = YES;
				CLANG_WARN_SUSPICIOUS_MOVE = YES;
				CLANG_WARN_UNGUARDED_AVAILABILITY = YES_AGGRESSIVE;
				CLANG_WARN_UNREACHABLE_CODE = YES;
				CLANG_WARN__DUPLICATE_METHOD_MATCH = YES;
				COPY_PHASE_STRIP = NO;
				DEBUG_INFORMATION_FORMAT = "dwarf-with-dsym";
				ENABLE_NS_ASSERTIONS = NO;
				ENABLE_STRICT_OBJC_MSGSEND = YES;
				ENABLE_USER_SCRIPT_SANDBOXING = NO;
				GCC_C_LANGUAGE_STANDARD = gnu17;
				GCC_NO_COMMON_BLOCKS = YES;
				GCC_WARN_64_TO_32_BIT_CONVERSION = YES;
				GCC_WARN_ABOUT_RETURN_TYPE = YES_ERROR;
				GCC_WARN_UNDECLARED_SELECTOR = YES;
				GCC_WARN_UNINITIALIZED_AUTOS = YES_AGGRESSIVE;
				GCC_WARN_UNUSED_FUNCTION = YES;
				GCC_WARN_UNUSED_VARIABLE = YES;
				IPHONEOS_DEPLOYMENT_TARGET = 17.2;
				LOCALIZATION_PREFERS_STRING_CATALOGS = YES;
				MTL_ENABLE_DEBUG_INFO = NO;
				MTL_FAST_MATH = YES;
				SDKROOT = iphoneos;
				SWIFT_COMPILATION_MODE = wholemodule;
				VALIDATE_PRODUCT = YES;
			};
			name = Release;
		};
		0E7EE53C2B5F91F2004F6BAF /* Debug */ = {
			isa = XCBuildConfiguration;
			buildSettings = {
				ASSETCATALOG_COMPILER_APPICON_NAME = AppIcon;
				ASSETCATALOG_COMPILER_GLOBAL_ACCENT_COLOR_NAME = AccentColor;
				CODE_SIGN_STYLE = Automatic;
				CURRENT_PROJECT_VERSION = 1;
				DEVELOPMENT_ASSET_PATHS = "\"Baseball/Preview Content\"";
				DEVELOPMENT_TEAM = HQS8MXQ7B5;
				ENABLE_PREVIEWS = YES;
				ENABLE_USER_SCRIPT_SANDBOXING = NO;
				GENERATE_INFOPLIST_FILE = YES;
				INFOPLIST_FILE = Baseball/Info.plist;
				INFOPLIST_KEY_UIApplicationSceneManifest_Generation = YES;
				INFOPLIST_KEY_UIApplicationSupportsIndirectInputEvents = YES;
				INFOPLIST_KEY_UILaunchScreen_Generation = YES;
				INFOPLIST_KEY_UISupportedInterfaceOrientations_iPad = "UIInterfaceOrientationPortrait UIInterfaceOrientationPortraitUpsideDown UIInterfaceOrientationLandscapeLeft UIInterfaceOrientationLandscapeRight";
				INFOPLIST_KEY_UISupportedInterfaceOrientations_iPhone = "UIInterfaceOrientationPortrait UIInterfaceOrientationLandscapeLeft UIInterfaceOrientationLandscapeRight";
				LD_RUNPATH_SEARCH_PATHS = (
					"$(inherited)",
					"@executable_path/Frameworks",
				);
				MARKETING_VERSION = 1.0;
				PRODUCT_BUNDLE_IDENTIFIER = com.hyebin.Baseball;
				PRODUCT_NAME = "$(TARGET_NAME)";
				SWIFT_EMIT_LOC_STRINGS = YES;
				SWIFT_VERSION = 5.0;
				TARGETED_DEVICE_FAMILY = "1,2";
			};
			name = Debug;
		};
		0E7EE53D2B5F91F2004F6BAF /* Release */ = {
			isa = XCBuildConfiguration;
			buildSettings = {
				ASSETCATALOG_COMPILER_APPICON_NAME = AppIcon;
				ASSETCATALOG_COMPILER_GLOBAL_ACCENT_COLOR_NAME = AccentColor;
				CODE_SIGN_STYLE = Automatic;
				CURRENT_PROJECT_VERSION = 1;
				DEVELOPMENT_ASSET_PATHS = "\"Baseball/Preview Content\"";
				DEVELOPMENT_TEAM = HQS8MXQ7B5;
				ENABLE_PREVIEWS = YES;
				ENABLE_USER_SCRIPT_SANDBOXING = NO;
				GENERATE_INFOPLIST_FILE = YES;
				INFOPLIST_FILE = Baseball/Info.plist;
				INFOPLIST_KEY_UIApplicationSceneManifest_Generation = YES;
				INFOPLIST_KEY_UIApplicationSupportsIndirectInputEvents = YES;
				INFOPLIST_KEY_UILaunchScreen_Generation = YES;
				INFOPLIST_KEY_UISupportedInterfaceOrientations_iPad = "UIInterfaceOrientationPortrait UIInterfaceOrientationPortraitUpsideDown UIInterfaceOrientationLandscapeLeft UIInterfaceOrientationLandscapeRight";
				INFOPLIST_KEY_UISupportedInterfaceOrientations_iPhone = "UIInterfaceOrientationPortrait UIInterfaceOrientationLandscapeLeft UIInterfaceOrientationLandscapeRight";
				LD_RUNPATH_SEARCH_PATHS = (
					"$(inherited)",
					"@executable_path/Frameworks",
				);
				MARKETING_VERSION = 1.0;
				PRODUCT_BUNDLE_IDENTIFIER = com.hyebin.Baseball;
				PRODUCT_NAME = "$(TARGET_NAME)";
				SWIFT_EMIT_LOC_STRINGS = YES;
				SWIFT_VERSION = 5.0;
				TARGETED_DEVICE_FAMILY = "1,2";
			};
			name = Release;
		};
/* End XCBuildConfiguration section */

/* Begin XCConfigurationList section */
		0E7EE5282B5F91EF004F6BAF /* Build configuration list for PBXProject "Baseball" */ = {
			isa = XCConfigurationList;
			buildConfigurations = (
				0E7EE5392B5F91F2004F6BAF /* Debug */,
				0E7EE53A2B5F91F2004F6BAF /* Release */,
			);
			defaultConfigurationIsVisible = 0;
			defaultConfigurationName = Release;
		};
		0E7EE53B2B5F91F2004F6BAF /* Build configuration list for PBXNativeTarget "Baseball" */ = {
			isa = XCConfigurationList;
			buildConfigurations = (
				0E7EE53C2B5F91F2004F6BAF /* Debug */,
				0E7EE53D2B5F91F2004F6BAF /* Release */,
			);
			defaultConfigurationIsVisible = 0;
			defaultConfigurationName = Release;
		};
/* End XCConfigurationList section */

/* Begin XCRemoteSwiftPackageReference section */
		0EDAC05C2C60B6FC00B87437 /* XCRemoteSwiftPackageReference "realm-swift" */ = {
			isa = XCRemoteSwiftPackageReference;
			repositoryURL = "https://github.com/realm/realm-swift.git";
			requirement = {
				branch = master;
				kind = branch;
			};
		};
/* End XCRemoteSwiftPackageReference section */

/* Begin XCSwiftPackageProductDependency section */
		0EDAC05D2C60B6FC00B87437 /* RealmSwift */ = {
			isa = XCSwiftPackageProductDependency;
			package = 0EDAC05C2C60B6FC00B87437 /* XCRemoteSwiftPackageReference "realm-swift" */;
			productName = RealmSwift;
		};
/* End XCSwiftPackageProductDependency section */
	};
	rootObject = 0E7EE5252B5F91EF004F6BAF /* Project object */;
}
